// !$*UTF8*$!
{
	archiveVersion = 1;
	classes = {
	};
	objectVersion = 50;
	objects = {

/* Begin PBXBuildFile section */
		5205BF3A25D40F5C001B1ADA /* UIViewController + Ext.swift in Sources */ = {isa = PBXBuildFile; fileRef = 5205BF3925D40F5C001B1ADA /* UIViewController + Ext.swift */; };
		5205BF4B25D448BA001B1ADA /* DetailPresenter.swift in Sources */ = {isa = PBXBuildFile; fileRef = 5205BF4A25D448BA001B1ADA /* DetailPresenter.swift */; };
		521E090325E84AD30018A99F /* NetworkError.swift in Sources */ = {isa = PBXBuildFile; fileRef = 521E090225E84AD20018A99F /* NetworkError.swift */; };
		526F6A8B25CDA64900B6D6D3 /* DetailTableViewController.swift in Sources */ = {isa = PBXBuildFile; fileRef = 526F6A8A25CDA64900B6D6D3 /* DetailTableViewController.swift */; };
		527FBBEB25D1ADC50062F775 /* MainPresenter.swift in Sources */ = {isa = PBXBuildFile; fileRef = 527FBBEA25D1ADC50062F775 /* MainPresenter.swift */; };
		527FBBF125D1C7500062F775 /* NetworkManager.swift in Sources */ = {isa = PBXBuildFile; fileRef = 527FBBF025D1C7500062F775 /* NetworkManager.swift */; };
		5281BCF825CC7F8700F65061 /* AppDelegate.swift in Sources */ = {isa = PBXBuildFile; fileRef = 5281BCF725CC7F8700F65061 /* AppDelegate.swift */; };
		5281BCFA25CC7F8700F65061 /* SceneDelegate.swift in Sources */ = {isa = PBXBuildFile; fileRef = 5281BCF925CC7F8700F65061 /* SceneDelegate.swift */; };
		5281BCFC25CC7F8700F65061 /* MainViewController.swift in Sources */ = {isa = PBXBuildFile; fileRef = 5281BCFB25CC7F8700F65061 /* MainViewController.swift */; };
		5281BCFF25CC7F8700F65061 /* Main.storyboard in Resources */ = {isa = PBXBuildFile; fileRef = 5281BCFD25CC7F8700F65061 /* Main.storyboard */; };
		5281BD0225CC7F8700F65061 /* User_Info.xcdatamodeld in Sources */ = {isa = PBXBuildFile; fileRef = 5281BD0025CC7F8700F65061 /* User_Info.xcdatamodeld */; };
		5281BD0425CC7F8C00F65061 /* Assets.xcassets in Resources */ = {isa = PBXBuildFile; fileRef = 5281BD0325CC7F8C00F65061 /* Assets.xcassets */; };
		5281BD0725CC7F8C00F65061 /* LaunchScreen.storyboard in Resources */ = {isa = PBXBuildFile; fileRef = 5281BD0525CC7F8C00F65061 /* LaunchScreen.storyboard */; };
		5281BD1725CC86F400F65061 /* MainTableViewCell.swift in Sources */ = {isa = PBXBuildFile; fileRef = 5281BD1625CC86F400F65061 /* MainTableViewCell.swift */; };
		5281BD1A25CC994100F65061 /* User.swift in Sources */ = {isa = PBXBuildFile; fileRef = 5281BD1925CC994100F65061 /* User.swift */; };
/* End PBXBuildFile section */

/* Begin PBXFileReference section */
		5205BF3925D40F5C001B1ADA /* UIViewController + Ext.swift */ = {isa = PBXFileReference; lastKnownFileType = sourcecode.swift; path = "UIViewController + Ext.swift"; sourceTree = "<group>"; };
		5205BF4A25D448BA001B1ADA /* DetailPresenter.swift */ = {isa = PBXFileReference; lastKnownFileType = sourcecode.swift; path = DetailPresenter.swift; sourceTree = "<group>"; };
		521E090225E84AD20018A99F /* NetworkError.swift */ = {isa = PBXFileReference; lastKnownFileType = sourcecode.swift; path = NetworkError.swift; sourceTree = "<group>"; };
		526F6A8A25CDA64900B6D6D3 /* DetailTableViewController.swift */ = {isa = PBXFileReference; lastKnownFileType = sourcecode.swift; path = DetailTableViewController.swift; sourceTree = "<group>"; };
		527FBBEA25D1ADC50062F775 /* MainPresenter.swift */ = {isa = PBXFileReference; lastKnownFileType = sourcecode.swift; path = MainPresenter.swift; sourceTree = "<group>"; };
		527FBBF025D1C7500062F775 /* NetworkManager.swift */ = {isa = PBXFileReference; lastKnownFileType = sourcecode.swift; path = NetworkManager.swift; sourceTree = "<group>"; };
		5281BCF425CC7F8700F65061 /* User Info.app */ = {isa = PBXFileReference; explicitFileType = wrapper.application; includeInIndex = 0; path = "User Info.app"; sourceTree = BUILT_PRODUCTS_DIR; };
		5281BCF725CC7F8700F65061 /* AppDelegate.swift */ = {isa = PBXFileReference; lastKnownFileType = sourcecode.swift; path = AppDelegate.swift; sourceTree = "<group>"; };
		5281BCF925CC7F8700F65061 /* SceneDelegate.swift */ = {isa = PBXFileReference; lastKnownFileType = sourcecode.swift; path = SceneDelegate.swift; sourceTree = "<group>"; };
		5281BCFB25CC7F8700F65061 /* MainViewController.swift */ = {isa = PBXFileReference; lastKnownFileType = sourcecode.swift; path = MainViewController.swift; sourceTree = "<group>"; };
		5281BCFE25CC7F8700F65061 /* Base */ = {isa = PBXFileReference; lastKnownFileType = file.storyboard; name = Base; path = Base.lproj/Main.storyboard; sourceTree = "<group>"; };
		5281BD0125CC7F8700F65061 /* User_Info.xcdatamodel */ = {isa = PBXFileReference; lastKnownFileType = wrapper.xcdatamodel; path = User_Info.xcdatamodel; sourceTree = "<group>"; };
		5281BD0325CC7F8C00F65061 /* Assets.xcassets */ = {isa = PBXFileReference; lastKnownFileType = folder.assetcatalog; path = Assets.xcassets; sourceTree = "<group>"; };
		5281BD0625CC7F8C00F65061 /* Base */ = {isa = PBXFileReference; lastKnownFileType = file.storyboard; name = Base; path = Base.lproj/LaunchScreen.storyboard; sourceTree = "<group>"; };
		5281BD0825CC7F8C00F65061 /* Info.plist */ = {isa = PBXFileReference; lastKnownFileType = text.plist.xml; path = Info.plist; sourceTree = "<group>"; };
		5281BD1625CC86F400F65061 /* MainTableViewCell.swift */ = {isa = PBXFileReference; lastKnownFileType = sourcecode.swift; path = MainTableViewCell.swift; sourceTree = "<group>"; };
		5281BD1925CC994100F65061 /* User.swift */ = {isa = PBXFileReference; lastKnownFileType = sourcecode.swift; path = User.swift; sourceTree = "<group>"; };
/* End PBXFileReference section */

/* Begin PBXFrameworksBuildPhase section */
		5281BCF125CC7F8700F65061 /* Frameworks */ = {
			isa = PBXFrameworksBuildPhase;
			buildActionMask = 2147483647;
			files = (
			);
			runOnlyForDeploymentPostprocessing = 0;
		};
/* End PBXFrameworksBuildPhase section */

/* Begin PBXGroup section */
		5205BF4D25D458E6001B1ADA /* Main VC + Presenter + Cell */ = {
			isa = PBXGroup;
			children = (
				527FBBEA25D1ADC50062F775 /* MainPresenter.swift */,
				5281BCFB25CC7F8700F65061 /* MainViewController.swift */,
				5281BD1625CC86F400F65061 /* MainTableViewCell.swift */,
			);
			path = "Main VC + Presenter + Cell";
			sourceTree = "<group>";
		};
		5205BF5125D45906001B1ADA /* network */ = {
			isa = PBXGroup;
			children = (
				521E090225E84AD20018A99F /* NetworkError.swift */,
				527FBBF025D1C7500062F775 /* NetworkManager.swift */,
			);
			path = network;
			sourceTree = "<group>";
		};
		5205BF5425D45924001B1ADA /* DetailVC + Presenter */ = {
			isa = PBXGroup;
			children = (
				526F6A8A25CDA64900B6D6D3 /* DetailTableViewController.swift */,
				5205BF4A25D448BA001B1ADA /* DetailPresenter.swift */,
			);
			path = "DetailVC + Presenter";
			sourceTree = "<group>";
		};
		523B166A25D3F8A40018BC0A /* Extension */ = {
			isa = PBXGroup;
			children = (
				5205BF3925D40F5C001B1ADA /* UIViewController + Ext.swift */,
			);
			path = Extension;
			sourceTree = "<group>";
		};
		5281BCEB25CC7F8700F65061 = {
			isa = PBXGroup;
			children = (
				5281BCF625CC7F8700F65061 /* User Info */,
				5281BCF525CC7F8700F65061 /* Products */,
			);
			sourceTree = "<group>";
		};
		5281BCF525CC7F8700F65061 /* Products */ = {
			isa = PBXGroup;
			children = (
				5281BCF425CC7F8700F65061 /* User Info.app */,
			);
			name = Products;
			sourceTree = "<group>";
		};
		5281BCF625CC7F8700F65061 /* User Info */ = {
			isa = PBXGroup;
			children = (
				5281BD1C25CC994800F65061 /* Model */,
				5281BD0F25CC7F9800F65061 /* Supporting Files */,
				5205BF4D25D458E6001B1ADA /* Main VC + Presenter + Cell */,
				5205BF5425D45924001B1ADA /* DetailVC + Presenter */,
				5205BF5125D45906001B1ADA /* network */,
				523B166A25D3F8A40018BC0A /* Extension */,
				5281BD1225CC7FD500F65061 /* Storyboards */,
				5281BD0825CC7F8C00F65061 /* Info.plist */,
			);
			path = "User Info";
			sourceTree = "<group>";
		};
		5281BD0F25CC7F9800F65061 /* Supporting Files */ = {
			isa = PBXGroup;
			children = (
				5281BD0025CC7F8700F65061 /* User_Info.xcdatamodeld */,
				5281BCF925CC7F8700F65061 /* SceneDelegate.swift */,
				5281BCF725CC7F8700F65061 /* AppDelegate.swift */,
				5281BD0325CC7F8C00F65061 /* Assets.xcassets */,
			);
			path = "Supporting Files";
			sourceTree = "<group>";
		};
		5281BD1225CC7FD500F65061 /* Storyboards */ = {
			isa = PBXGroup;
			children = (
				5281BCFD25CC7F8700F65061 /* Main.storyboard */,
				5281BD0525CC7F8C00F65061 /* LaunchScreen.storyboard */,
			);
			path = Storyboards;
			sourceTree = "<group>";
		};
		5281BD1C25CC994800F65061 /* Model */ = {
			isa = PBXGroup;
			children = (
				5281BD1925CC994100F65061 /* User.swift */,
			);
			path = Model;
			sourceTree = "<group>";
		};
/* End PBXGroup section */

/* Begin PBXNativeTarget section */
		5281BCF325CC7F8700F65061 /* User Info */ = {
			isa = PBXNativeTarget;
			buildConfigurationList = 5281BD0B25CC7F8C00F65061 /* Build configuration list for PBXNativeTarget "User Info" */;
			buildPhases = (
				5281BCF025CC7F8700F65061 /* Sources */,
				5281BCF125CC7F8700F65061 /* Frameworks */,
				5281BCF225CC7F8700F65061 /* Resources */,
			);
			buildRules = (
			);
			dependencies = (
			);
			name = "User Info";
			productName = "User Info";
			productReference = 5281BCF425CC7F8700F65061 /* User Info.app */;
			productType = "com.apple.product-type.application";
		};
/* End PBXNativeTarget section */

/* Begin PBXProject section */
		5281BCEC25CC7F8700F65061 /* Project object */ = {
			isa = PBXProject;
			attributes = {
				LastSwiftUpdateCheck = 1220;
				LastUpgradeCheck = 1220;
				TargetAttributes = {
					5281BCF325CC7F8700F65061 = {
						CreatedOnToolsVersion = 12.2;
					};
				};
			};
			buildConfigurationList = 5281BCEF25CC7F8700F65061 /* Build configuration list for PBXProject "User Info" */;
			compatibilityVersion = "Xcode 9.3";
			developmentRegion = en;
			hasScannedForEncodings = 0;
			knownRegions = (
				en,
				Base,
			);
			mainGroup = 5281BCEB25CC7F8700F65061;
			productRefGroup = 5281BCF525CC7F8700F65061 /* Products */;
			projectDirPath = "";
			projectRoot = "";
			targets = (
				5281BCF325CC7F8700F65061 /* User Info */,
			);
		};
/* End PBXProject section */

/* Begin PBXResourcesBuildPhase section */
		5281BCF225CC7F8700F65061 /* Resources */ = {
			isa = PBXResourcesBuildPhase;
			buildActionMask = 2147483647;
			files = (
				5281BD0725CC7F8C00F65061 /* LaunchScreen.storyboard in Resources */,
				5281BD0425CC7F8C00F65061 /* Assets.xcassets in Resources */,
				5281BCFF25CC7F8700F65061 /* Main.storyboard in Resources */,
			);
			runOnlyForDeploymentPostprocessing = 0;
		};
/* End PBXResourcesBuildPhase section */

/* Begin PBXSourcesBuildPhase section */
		5281BCF025CC7F8700F65061 /* Sources */ = {
			isa = PBXSourcesBuildPhase;
			buildActionMask = 2147483647;
			files = (
				527FBBF125D1C7500062F775 /* NetworkManager.swift in Sources */,
				526F6A8B25CDA64900B6D6D3 /* DetailTableViewController.swift in Sources */,
				5205BF3A25D40F5C001B1ADA /* UIViewController + Ext.swift in Sources */,
				5281BD1A25CC994100F65061 /* User.swift in Sources */,
				5205BF4B25D448BA001B1ADA /* DetailPresenter.swift in Sources */,
				5281BD0225CC7F8700F65061 /* User_Info.xcdatamodeld in Sources */,
				527FBBEB25D1ADC50062F775 /* MainPresenter.swift in Sources */,
				5281BD1725CC86F400F65061 /* MainTableViewCell.swift in Sources */,
				5281BCFC25CC7F8700F65061 /* MainViewController.swift in Sources */,
				521E090325E84AD30018A99F /* NetworkError.swift in Sources */,
				5281BCF825CC7F8700F65061 /* AppDelegate.swift in Sources */,
				5281BCFA25CC7F8700F65061 /* SceneDelegate.swift in Sources */,
			);
			runOnlyForDeploymentPostprocessing = 0;
		};
/* End PBXSourcesBuildPhase section */

/* Begin PBXVariantGroup section */
		5281BCFD25CC7F8700F65061 /* Main.storyboard */ = {
			isa = PBXVariantGroup;
			children = (
				5281BCFE25CC7F8700F65061 /* Base */,
			);
			name = Main.storyboard;
			sourceTree = "<group>";
		};
		5281BD0525CC7F8C00F65061 /* LaunchScreen.storyboard */ = {
			isa = PBXVariantGroup;
			children = (
				5281BD0625CC7F8C00F65061 /* Base */,
			);
			name = LaunchScreen.storyboard;
			sourceTree = "<group>";
		};
/* End PBXVariantGroup section */

/* Begin XCBuildConfiguration section */
		5281BD0925CC7F8C00F65061 /* Debug */ = {
			isa = XCBuildConfiguration;
			buildSettings = {
				ALWAYS_SEARCH_USER_PATHS = NO;
				CLANG_ANALYZER_NONNULL = YES;
				CLANG_ANALYZER_NUMBER_OBJECT_CONVERSION = YES_AGGRESSIVE;
				CLANG_CXX_LANGUAGE_STANDARD = "gnu++14";
				CLANG_CXX_LIBRARY = "libc++";
				CLANG_ENABLE_MODULES = YES;
				CLANG_ENABLE_OBJC_ARC = YES;
				CLANG_ENABLE_OBJC_WEAK = YES;
				CLANG_WARN_BLOCK_CAPTURE_AUTORELEASING = YES;
				CLANG_WARN_BOOL_CONVERSION = YES;
				CLANG_WARN_COMMA = YES;
				CLANG_WARN_CONSTANT_CONVERSION = YES;
				CLANG_WARN_DEPRECATED_OBJC_IMPLEMENTATIONS = YES;
				CLANG_WARN_DIRECT_OBJC_ISA_USAGE = YES_ERROR;
				CLANG_WARN_DOCUMENTATION_COMMENTS = YES;
				CLANG_WARN_EMPTY_BODY = YES;
				CLANG_WARN_ENUM_CONVERSION = YES;
				CLANG_WARN_INFINITE_RECURSION = YES;
				CLANG_WARN_INT_CONVERSION = YES;
				CLANG_WARN_NON_LITERAL_NULL_CONVERSION = YES;
				CLANG_WARN_OBJC_IMPLICIT_RETAIN_SELF = YES;
				CLANG_WARN_OBJC_LITERAL_CONVERSION = YES;
				CLANG_WARN_OBJC_ROOT_CLASS = YES_ERROR;
				CLANG_WARN_QUOTED_INCLUDE_IN_FRAMEWORK_HEADER = YES;
				CLANG_WARN_RANGE_LOOP_ANALYSIS = YES;
				CLANG_WARN_STRICT_PROTOTYPES = YES;
				CLANG_WARN_SUSPICIOUS_MOVE = YES;
				CLANG_WARN_UNGUARDED_AVAILABILITY = YES_AGGRESSIVE;
				CLANG_WARN_UNREACHABLE_CODE = YES;
				CLANG_WARN__DUPLICATE_METHOD_MATCH = YES;
				COPY_PHASE_STRIP = NO;
				DEBUG_INFORMATION_FORMAT = dwarf;
				ENABLE_STRICT_OBJC_MSGSEND = YES;
				ENABLE_TESTABILITY = YES;
				GCC_C_LANGUAGE_STANDARD = gnu11;
				GCC_DYNAMIC_NO_PIC = NO;
				GCC_NO_COMMON_BLOCKS = YES;
				GCC_OPTIMIZATION_LEVEL = 0;
				GCC_PREPROCESSOR_DEFINITIONS = (
					"DEBUG=1",
					"$(inherited)",
				);
				GCC_WARN_64_TO_32_BIT_CONVERSION = YES;
				GCC_WARN_ABOUT_RETURN_TYPE = YES_ERROR;
				GCC_WARN_UNDECLARED_SELECTOR = YES;
				GCC_WARN_UNINITIALIZED_AUTOS = YES_AGGRESSIVE;
				GCC_WARN_UNUSED_FUNCTION = YES;
				GCC_WARN_UNUSED_VARIABLE = YES;
				IPHONEOS_DEPLOYMENT_TARGET = 14.2;
				MTL_ENABLE_DEBUG_INFO = INCLUDE_SOURCE;
				MTL_FAST_MATH = YES;
				ONLY_ACTIVE_ARCH = YES;
				SDKROOT = iphoneos;
				SWIFT_ACTIVE_COMPILATION_CONDITIONS = DEBUG;
				SWIFT_OPTIMIZATION_LEVEL = "-Onone";
			};
			name = Debug;
		};
		5281BD0A25CC7F8C00F65061 /* Release */ = {
			isa = XCBuildConfiguration;
			buildSettings = {
				ALWAYS_SEARCH_USER_PATHS = NO;
				CLANG_ANALYZER_NONNULL = YES;
				CLANG_ANALYZER_NUMBER_OBJECT_CONVERSION = YES_AGGRESSIVE;
				CLANG_CXX_LANGUAGE_STANDARD = "gnu++14";
				CLANG_CXX_LIBRARY = "libc++";
				CLANG_ENABLE_MODULES = YES;
				CLANG_ENABLE_OBJC_ARC = YES;
				CLANG_ENABLE_OBJC_WEAK = YES;
				CLANG_WARN_BLOCK_CAPTURE_AUTORELEASING = YES;
				CLANG_WARN_BOOL_CONVERSION = YES;
				CLANG_WARN_COMMA = YES;
				CLANG_WARN_CONSTANT_CONVERSION = YES;
				CLANG_WARN_DEPRECATED_OBJC_IMPLEMENTATIONS = YES;
				CLANG_WARN_DIRECT_OBJC_ISA_USAGE = YES_ERROR;
				CLANG_WARN_DOCUMENTATION_COMMENTS = YES;
				CLANG_WARN_EMPTY_BODY = YES;
				CLANG_WARN_ENUM_CONVERSION = YES;
				CLANG_WARN_INFINITE_RECURSION = YES;
				CLANG_WARN_INT_CONVERSION = YES;
				CLANG_WARN_NON_LITERAL_NULL_CONVERSION = YES;
				CLANG_WARN_OBJC_IMPLICIT_RETAIN_SELF = YES;
				CLANG_WARN_OBJC_LITERAL_CONVERSION = YES;
				CLANG_WARN_OBJC_ROOT_CLASS = YES_ERROR;
				CLANG_WARN_QUOTED_INCLUDE_IN_FRAMEWORK_HEADER = YES;
				CLANG_WARN_RANGE_LOOP_ANALYSIS = YES;
				CLANG_WARN_STRICT_PROTOTYPES = YES;
				CLANG_WARN_SUSPICIOUS_MOVE = YES;
				CLANG_WARN_UNGUARDED_AVAILABILITY = YES_AGGRESSIVE;
				CLANG_WARN_UNREACHABLE_CODE = YES;
				CLANG_WARN__DUPLICATE_METHOD_MATCH = YES;
				COPY_PHASE_STRIP = NO;
				DEBUG_INFORMATION_FORMAT = "dwarf-with-dsym";
				ENABLE_NS_ASSERTIONS = NO;
				ENABLE_STRICT_OBJC_MSGSEND = YES;
				GCC_C_LANGUAGE_STANDARD = gnu11;
				GCC_NO_COMMON_BLOCKS = YES;
				GCC_WARN_64_TO_32_BIT_CONVERSION = YES;
				GCC_WARN_ABOUT_RETURN_TYPE = YES_ERROR;
				GCC_WARN_UNDECLARED_SELECTOR = YES;
				GCC_WARN_UNINITIALIZED_AUTOS = YES_AGGRESSIVE;
				GCC_WARN_UNUSED_FUNCTION = YES;
				GCC_WARN_UNUSED_VARIABLE = YES;
				IPHONEOS_DEPLOYMENT_TARGET = 14.2;
				MTL_ENABLE_DEBUG_INFO = NO;
				MTL_FAST_MATH = YES;
				SDKROOT = iphoneos;
				SWIFT_COMPILATION_MODE = wholemodule;
				SWIFT_OPTIMIZATION_LEVEL = "-O";
				VALIDATE_PRODUCT = YES;
			};
			name = Release;
		};
		5281BD0C25CC7F8C00F65061 /* Debug */ = {
			isa = XCBuildConfiguration;
			buildSettings = {
				ASSETCATALOG_COMPILER_APPICON_NAME = AppIcon;
				ASSETCATALOG_COMPILER_GLOBAL_ACCENT_COLOR_NAME = AccentColor;
				CODE_SIGN_STYLE = Automatic;
				DEVELOPMENT_TEAM = NPGNG99UN2;
				INFOPLIST_FILE = "User Info/Info.plist";
				LD_RUNPATH_SEARCH_PATHS = (
					"$(inherited)",
					"@executable_path/Frameworks",
				);
				PRODUCT_BUNDLE_IDENTIFIER = "-MargoChernyaeva.User-Info";
				PRODUCT_NAME = "$(TARGET_NAME)";
				SWIFT_VERSION = 5.0;
				TARGETED_DEVICE_FAMILY = "1,2";
			};
			name = Debug;
		};
		5281BD0D25CC7F8C00F65061 /* Release */ = {
			isa = XCBuildConfiguration;
			buildSettings = {
				ASSETCATALOG_COMPILER_APPICON_NAME = AppIcon;
				ASSETCATALOG_COMPILER_GLOBAL_ACCENT_COLOR_NAME = AccentColor;
				CODE_SIGN_STYLE = Automatic;
				DEVELOPMENT_TEAM = NPGNG99UN2;
				INFOPLIST_FILE = "User Info/Info.plist";
				LD_RUNPATH_SEARCH_PATHS = (
					"$(inherited)",
					"@executable_path/Frameworks",
				);
				PRODUCT_BUNDLE_IDENTIFIER = "-MargoChernyaeva.User-Info";
				PRODUCT_NAME = "$(TARGET_NAME)";
				SWIFT_VERSION = 5.0;
				TARGETED_DEVICE_FAMILY = "1,2";
			};
			name = Release;
		};
/* End XCBuildConfiguration section */

/* Begin XCConfigurationList section */
		5281BCEF25CC7F8700F65061 /* Build configuration list for PBXProject "User Info" */ = {
			isa = XCConfigurationList;
			buildConfigurations = (
				5281BD0925CC7F8C00F65061 /* Debug */,
				5281BD0A25CC7F8C00F65061 /* Release */,
			);
			defaultConfigurationIsVisible = 0;
			defaultConfigurationName = Release;
		};
		5281BD0B25CC7F8C00F65061 /* Build configuration list for PBXNativeTarget "User Info" */ = {
			isa = XCConfigurationList;
			buildConfigurations = (
				5281BD0C25CC7F8C00F65061 /* Debug */,
				5281BD0D25CC7F8C00F65061 /* Release */,
			);
			defaultConfigurationIsVisible = 0;
			defaultConfigurationName = Release;
		};
/* End XCConfigurationList section */

/* Begin XCVersionGroup section */
		5281BD0025CC7F8700F65061 /* User_Info.xcdatamodeld */ = {
			isa = XCVersionGroup;
			children = (
				5281BD0125CC7F8700F65061 /* User_Info.xcdatamodel */,
			);
			currentVersion = 5281BD0125CC7F8700F65061 /* User_Info.xcdatamodel */;
			path = User_Info.xcdatamodeld;
			sourceTree = "<group>";
			versionGroupType = wrapper.xcdatamodel;
		};
/* End XCVersionGroup section */
	};
	rootObject = 5281BCEC25CC7F8700F65061 /* Project object */;
}
